
Microsoft Visual Studio Solution File, Format Version 12.00
# Visual Studio Version 17
VisualStudioVersion = 17.4.33205.214
MinimumVisualStudioVersion = 10.0.40219.1
Project("{9A19103F-16F7-4668-BE54-9A1E7A4F7556}") = "CASS", "CASS\CASS.csproj", "{756626E7-7240-4820-B83D-28570FA1CDED}"
EndProject
Project("{9A19103F-16F7-4668-BE54-9A1E7A4F7556}") = "CASS Portal", "CASS Portal\CASS Portal.csproj", "{F442C710-37C7-4AD8-BD90-011929218A20}"
EndProject
Global
	GlobalSection(SolutionConfigurationPlatforms) = preSolution
		Debug|Any CPU = Debug|Any CPU
		Release|Any CPU = Release|Any CPU
	EndGlobalSection
	GlobalSection(ProjectConfigurationPlatforms) = postSolution
		{756626E7-7240-4820-B83D-28570FA1CDED}.Debug|Any CPU.ActiveCfg = Debug|Any CPU
		{756626E7-7240-4820-B83D-28570FA1CDED}.Debug|Any CPU.Build.0 = Debug|Any CPU
		{756626E7-7240-4820-B83D-28570FA1CDED}.Release|Any CPU.ActiveCfg = Release|Any CPU
		{756626E7-7240-4820-B83D-28570FA1CDED}.Release|Any CPU.Build.0 = Release|Any CPU
		{F442C710-37C7-4AD8-BD90-011929218A20}.Debug|Any CPU.ActiveCfg = Debug|Any CPU
		{F442C710-37C7-4AD8-BD90-011929218A20}.Debug|Any CPU.Build.0 = Debug|Any CPU
		{F442C710-37C7-4AD8-BD90-011929218A20}.Release|Any CPU.ActiveCfg = Release|Any CPU
		{F442C710-37C7-4AD8-BD90-011929218A20}.Release|Any CPU.Build.0 = Release|Any CPU
	EndGlobalSection
	GlobalSection(SolutionProperties) = preSolution
		HideSolutionNode = FALSE
	EndGlobalSection
	GlobalSection(ExtensibilityGlobals) = postSolution
		SolutionGuid = {68D6D25D-BD61-4FED-922A-D52E53056EED}
	EndGlobalSection
EndGlobal
